// !$*UTF8*$!
{
	archiveVersion = 1;
	classes = {
	};
	objectVersion = 56;
	objects = {

/* Begin PBXBuildFile section */
		D023214D2C8DF1F700A2DA5C /* Auth in Frameworks */ = {isa = PBXBuildFile; productRef = D023214C2C8DF1F700A2DA5C /* Auth */; };
		D023214F2C8DF1F700A2DA5C /* Supabase in Frameworks */ = {isa = PBXBuildFile; productRef = D023214E2C8DF1F700A2DA5C /* Supabase */; };
		D02321512C8DF28B00A2DA5C /* AuthView.swift in Sources */ = {isa = PBXBuildFile; fileRef = D02321502C8DF28B00A2DA5C /* AuthView.swift */; };
		D02737292C8E1B5E00B6F4B1 /* HomePage.swift in Sources */ = {isa = PBXBuildFile; fileRef = D02737282C8E1B5E00B6F4B1 /* HomePage.swift */; };
		D027372B2C8E20CF00B6F4B1 /* Config.swift in Sources */ = {isa = PBXBuildFile; fileRef = D027372A2C8E20CF00B6F4B1 /* Config.swift */; };
		D02737312C8F13A900B6F4B1 /* SafeAreaInsetsKey.swift in Sources */ = {isa = PBXBuildFile; fileRef = D02737302C8F13A900B6F4B1 /* SafeAreaInsetsKey.swift */; };
		D027A5AB2C920ED3005E87BB /* AgentView.swift in Sources */ = {isa = PBXBuildFile; fileRef = D027A5AA2C920ED3005E87BB /* AgentView.swift */; };
		D027A5AD2C9228BD005E87BB /* ThreadsView.swift in Sources */ = {isa = PBXBuildFile; fileRef = D027A5AC2C9228BD005E87BB /* ThreadsView.swift */; };
		D027A5AF2C92FA06005E87BB /* GoogleCloudStorageManager.swift in Sources */ = {isa = PBXBuildFile; fileRef = D027A5AE2C92FA06005E87BB /* GoogleCloudStorageManager.swift */; };
		D027A5B12C9426C7005E87BB /* InitialInputView.swift in Sources */ = {isa = PBXBuildFile; fileRef = D027A5B02C9426C7005E87BB /* InitialInputView.swift */; };
		D027A5B32C9471F8005E87BB /* OpenAIManager.swift in Sources */ = {isa = PBXBuildFile; fileRef = D027A5B22C9471F8005E87BB /* OpenAIManager.swift */; };
		D027A5B52C9490AA005E87BB /* CustomMarkdownRenderer.swift in Sources */ = {isa = PBXBuildFile; fileRef = D027A5B42C9490AA005E87BB /* CustomMarkdownRenderer.swift */; };
		D027A5BB2C959C3E005E87BB /* Models.swift in Sources */ = {isa = PBXBuildFile; fileRef = D027A5BA2C959C3E005E87BB /* Models.swift */; };
		D027BFE72C8F5EB800AA4DFB /* DiscoverView.swift in Sources */ = {isa = PBXBuildFile; fileRef = D027BFE62C8F5EB800AA4DFB /* DiscoverView.swift */; };
		D027BFE92C8F5EC600AA4DFB /* AccountView.swift in Sources */ = {isa = PBXBuildFile; fileRef = D027BFE82C8F5EC600AA4DFB /* AccountView.swift */; };
		D0879FDF2C91B1DC008B9AFD /* SupabaseManager.swift in Sources */ = {isa = PBXBuildFile; fileRef = D0879FDE2C91B1DC008B9AFD /* SupabaseManager.swift */; };
		D0A707812C8C7181007E9856 /* savannahApp.swift in Sources */ = {isa = PBXBuildFile; fileRef = D0A707802C8C7181007E9856 /* savannahApp.swift */; };
		D0A707852C8C7182007E9856 /* Assets.xcassets in Resources */ = {isa = PBXBuildFile; fileRef = D0A707842C8C7182007E9856 /* Assets.xcassets */; };
		D0A707882C8C7182007E9856 /* Preview Assets.xcassets in Resources */ = {isa = PBXBuildFile; fileRef = D0A707872C8C7182007E9856 /* Preview Assets.xcassets */; };
		D0A707922C8C7182007E9856 /* savannahTests.swift in Sources */ = {isa = PBXBuildFile; fileRef = D0A707912C8C7182007E9856 /* savannahTests.swift */; };
		D0A7079C2C8C7182007E9856 /* savannahUITests.swift in Sources */ = {isa = PBXBuildFile; fileRef = D0A7079B2C8C7182007E9856 /* savannahUITests.swift */; };
		D0A7079E2C8C7182007E9856 /* savannahUITestsLaunchTests.swift in Sources */ = {isa = PBXBuildFile; fileRef = D0A7079D2C8C7182007E9856 /* savannahUITestsLaunchTests.swift */; };
		D0E66D102C8C89A6001A1517 /* Theme.swift in Sources */ = {isa = PBXBuildFile; fileRef = D0E66D0F2C8C89A6001A1517 /* Theme.swift */; };
/* End PBXBuildFile section */

/* Begin PBXContainerItemProxy section */
		D0A7078E2C8C7182007E9856 /* PBXContainerItemProxy */ = {
			isa = PBXContainerItemProxy;
			containerPortal = D0A707752C8C7181007E9856 /* Project object */;
			proxyType = 1;
			remoteGlobalIDString = D0A7077C2C8C7181007E9856;
			remoteInfo = savannah;
		};
		D0A707982C8C7182007E9856 /* PBXContainerItemProxy */ = {
			isa = PBXContainerItemProxy;
			containerPortal = D0A707752C8C7181007E9856 /* Project object */;
			proxyType = 1;
			remoteGlobalIDString = D0A7077C2C8C7181007E9856;
			remoteInfo = savannah;
		};
/* End PBXContainerItemProxy section */

/* Begin PBXFileReference section */
		D02321502C8DF28B00A2DA5C /* AuthView.swift */ = {isa = PBXFileReference; lastKnownFileType = sourcecode.swift; path = AuthView.swift; sourceTree = "<group>"; };
		D02737282C8E1B5E00B6F4B1 /* HomePage.swift */ = {isa = PBXFileReference; lastKnownFileType = sourcecode.swift; path = HomePage.swift; sourceTree = "<group>"; };
		D027372A2C8E20CF00B6F4B1 /* Config.swift */ = {isa = PBXFileReference; lastKnownFileType = sourcecode.swift; path = Config.swift; sourceTree = "<group>"; };
		D027372C2C8EE61400B6F4B1 /* Info.plist */ = {isa = PBXFileReference; lastKnownFileType = text.plist; path = Info.plist; sourceTree = "<group>"; };
		D027372D2C8EEB0C00B6F4B1 /* savannah.entitlements */ = {isa = PBXFileReference; lastKnownFileType = text.plist.entitlements; path = savannah.entitlements; sourceTree = "<group>"; };
		D02737302C8F13A900B6F4B1 /* SafeAreaInsetsKey.swift */ = {isa = PBXFileReference; lastKnownFileType = sourcecode.swift; path = SafeAreaInsetsKey.swift; sourceTree = "<group>"; };
		D027A5AA2C920ED3005E87BB /* AgentView.swift */ = {isa = PBXFileReference; lastKnownFileType = sourcecode.swift; path = AgentView.swift; sourceTree = "<group>"; };
		D027A5AC2C9228BD005E87BB /* ThreadsView.swift */ = {isa = PBXFileReference; lastKnownFileType = sourcecode.swift; path = ThreadsView.swift; sourceTree = "<group>"; };
		D027A5AE2C92FA06005E87BB /* GoogleCloudStorageManager.swift */ = {isa = PBXFileReference; lastKnownFileType = sourcecode.swift; path = GoogleCloudStorageManager.swift; sourceTree = "<group>"; };
		D027A5B02C9426C7005E87BB /* InitialInputView.swift */ = {isa = PBXFileReference; lastKnownFileType = sourcecode.swift; path = InitialInputView.swift; sourceTree = "<group>"; };
		D027A5B22C9471F8005E87BB /* OpenAIManager.swift */ = {isa = PBXFileReference; lastKnownFileType = sourcecode.swift; path = OpenAIManager.swift; sourceTree = "<group>"; };
		D027A5B42C9490AA005E87BB /* CustomMarkdownRenderer.swift */ = {isa = PBXFileReference; lastKnownFileType = sourcecode.swift; path = CustomMarkdownRenderer.swift; sourceTree = "<group>"; };
		D027A5BA2C959C3E005E87BB /* Models.swift */ = {isa = PBXFileReference; lastKnownFileType = sourcecode.swift; path = Models.swift; sourceTree = "<group>"; };
		D027BFE62C8F5EB800AA4DFB /* DiscoverView.swift */ = {isa = PBXFileReference; lastKnownFileType = sourcecode.swift; path = DiscoverView.swift; sourceTree = "<group>"; };
		D027BFE82C8F5EC600AA4DFB /* AccountView.swift */ = {isa = PBXFileReference; lastKnownFileType = sourcecode.swift; path = AccountView.swift; sourceTree = "<group>"; };
		D0879FDE2C91B1DC008B9AFD /* SupabaseManager.swift */ = {isa = PBXFileReference; lastKnownFileType = sourcecode.swift; path = SupabaseManager.swift; sourceTree = "<group>"; };
		D0A7077D2C8C7181007E9856 /* savannah.app */ = {isa = PBXFileReference; explicitFileType = wrapper.application; includeInIndex = 0; path = savannah.app; sourceTree = BUILT_PRODUCTS_DIR; };
		D0A707802C8C7181007E9856 /* savannahApp.swift */ = {isa = PBXFileReference; lastKnownFileType = sourcecode.swift; path = savannahApp.swift; sourceTree = "<group>"; };
		D0A707842C8C7182007E9856 /* Assets.xcassets */ = {isa = PBXFileReference; lastKnownFileType = folder.assetcatalog; path = Assets.xcassets; sourceTree = "<group>"; };
		D0A707872C8C7182007E9856 /* Preview Assets.xcassets */ = {isa = PBXFileReference; lastKnownFileType = folder.assetcatalog; path = "Preview Assets.xcassets"; sourceTree = "<group>"; };
		D0A7078D2C8C7182007E9856 /* savannahTests.xctest */ = {isa = PBXFileReference; explicitFileType = wrapper.cfbundle; includeInIndex = 0; path = savannahTests.xctest; sourceTree = BUILT_PRODUCTS_DIR; };
		D0A707912C8C7182007E9856 /* savannahTests.swift */ = {isa = PBXFileReference; lastKnownFileType = sourcecode.swift; path = savannahTests.swift; sourceTree = "<group>"; };
		D0A707972C8C7182007E9856 /* savannahUITests.xctest */ = {isa = PBXFileReference; explicitFileType = wrapper.cfbundle; includeInIndex = 0; path = savannahUITests.xctest; sourceTree = BUILT_PRODUCTS_DIR; };
		D0A7079B2C8C7182007E9856 /* savannahUITests.swift */ = {isa = PBXFileReference; lastKnownFileType = sourcecode.swift; path = savannahUITests.swift; sourceTree = "<group>"; };
		D0A7079D2C8C7182007E9856 /* savannahUITestsLaunchTests.swift */ = {isa = PBXFileReference; lastKnownFileType = sourcecode.swift; path = savannahUITestsLaunchTests.swift; sourceTree = "<group>"; };
		D0E66D0F2C8C89A6001A1517 /* Theme.swift */ = {isa = PBXFileReference; lastKnownFileType = sourcecode.swift; path = Theme.swift; sourceTree = "<group>"; };
/* End PBXFileReference section */

/* Begin PBXFrameworksBuildPhase section */
		D0A7077A2C8C7181007E9856 /* Frameworks */ = {
			isa = PBXFrameworksBuildPhase;
			buildActionMask = 2147483647;
			files = (
				D023214F2C8DF1F700A2DA5C /* Supabase in Frameworks */,
				D023214D2C8DF1F700A2DA5C /* Auth in Frameworks */,
			);
			runOnlyForDeploymentPostprocessing = 0;
		};
		D0A7078A2C8C7182007E9856 /* Frameworks */ = {
			isa = PBXFrameworksBuildPhase;
			buildActionMask = 2147483647;
			files = (
			);
			runOnlyForDeploymentPostprocessing = 0;
		};
		D0A707942C8C7182007E9856 /* Frameworks */ = {
			isa = PBXFrameworksBuildPhase;
			buildActionMask = 2147483647;
			files = (
			);
			runOnlyForDeploymentPostprocessing = 0;
		};
/* End PBXFrameworksBuildPhase section */

/* Begin PBXGroup section */
		D0440E552C8DE92100BC592E /* Frameworks */ = {
			isa = PBXGroup;
			children = (
			);
			name = Frameworks;
			sourceTree = "<group>";
		};
		D0A707742C8C7181007E9856 = {
			isa = PBXGroup;
			children = (
				D0A7077F2C8C7181007E9856 /* savannah */,
				D0A707902C8C7182007E9856 /* savannahTests */,
				D0A7079A2C8C7182007E9856 /* savannahUITests */,
				D0A7077E2C8C7181007E9856 /* Products */,
				D0440E552C8DE92100BC592E /* Frameworks */,
			);
			sourceTree = "<group>";
		};
		D0A7077E2C8C7181007E9856 /* Products */ = {
			isa = PBXGroup;
			children = (
				D0A7077D2C8C7181007E9856 /* savannah.app */,
				D0A7078D2C8C7182007E9856 /* savannahTests.xctest */,
				D0A707972C8C7182007E9856 /* savannahUITests.xctest */,
			);
			name = Products;
			sourceTree = "<group>";
		};
		D0A7077F2C8C7181007E9856 /* savannah */ = {
			isa = PBXGroup;
			children = (
				D027372D2C8EEB0C00B6F4B1 /* savannah.entitlements */,
				D027372C2C8EE61400B6F4B1 /* Info.plist */,
				D0A707802C8C7181007E9856 /* savannahApp.swift */,
				D0E66D0F2C8C89A6001A1517 /* Theme.swift */,
				D02321502C8DF28B00A2DA5C /* AuthView.swift */,
				D02737282C8E1B5E00B6F4B1 /* HomePage.swift */,
				D0A707842C8C7182007E9856 /* Assets.xcassets */,
				D027372A2C8E20CF00B6F4B1 /* Config.swift */,
				D02737302C8F13A900B6F4B1 /* SafeAreaInsetsKey.swift */,
				D027BFE62C8F5EB800AA4DFB /* DiscoverView.swift */,
				D0879FDE2C91B1DC008B9AFD /* SupabaseManager.swift */,
				D027A5AA2C920ED3005E87BB /* AgentView.swift */,
				D027BFE82C8F5EC600AA4DFB /* AccountView.swift */,
				D027A5AC2C9228BD005E87BB /* ThreadsView.swift */,
				D027A5AE2C92FA06005E87BB /* GoogleCloudStorageManager.swift */,
				D027A5B02C9426C7005E87BB /* InitialInputView.swift */,
				D027A5B22C9471F8005E87BB /* OpenAIManager.swift */,
				D027A5B42C9490AA005E87BB /* CustomMarkdownRenderer.swift */,
				D027A5BA2C959C3E005E87BB /* Models.swift */,
				D0A707862C8C7182007E9856 /* Preview Content */,
			);
			path = savannah;
			sourceTree = "<group>";
		};
		D0A707862C8C7182007E9856 /* Preview Content */ = {
			isa = PBXGroup;
			children = (
				D0A707872C8C7182007E9856 /* Preview Assets.xcassets */,
			);
			path = "Preview Content";
			sourceTree = "<group>";
		};
		D0A707902C8C7182007E9856 /* savannahTests */ = {
			isa = PBXGroup;
			children = (
				D0A707912C8C7182007E9856 /* savannahTests.swift */,
			);
			path = savannahTests;
			sourceTree = "<group>";
		};
		D0A7079A2C8C7182007E9856 /* savannahUITests */ = {
			isa = PBXGroup;
			children = (
				D0A7079B2C8C7182007E9856 /* savannahUITests.swift */,
				D0A7079D2C8C7182007E9856 /* savannahUITestsLaunchTests.swift */,
			);
			path = savannahUITests;
			sourceTree = "<group>";
		};
/* End PBXGroup section */

/* Begin PBXNativeTarget section */
		D0A7077C2C8C7181007E9856 /* savannah */ = {
			isa = PBXNativeTarget;
			buildConfigurationList = D0A707A12C8C7182007E9856 /* Build configuration list for PBXNativeTarget "savannah" */;
			buildPhases = (
				D0A707792C8C7181007E9856 /* Sources */,
				D0A7077A2C8C7181007E9856 /* Frameworks */,
				D0A7077B2C8C7181007E9856 /* Resources */,
			);
			buildRules = (
			);
			dependencies = (
			);
			name = savannah;
			packageProductDependencies = (
				D023214C2C8DF1F700A2DA5C /* Auth */,
				D023214E2C8DF1F700A2DA5C /* Supabase */,
			);
			productName = savannah;
			productReference = D0A7077D2C8C7181007E9856 /* savannah.app */;
			productType = "com.apple.product-type.application";
		};
		D0A7078C2C8C7182007E9856 /* savannahTests */ = {
			isa = PBXNativeTarget;
			buildConfigurationList = D0A707A42C8C7182007E9856 /* Build configuration list for PBXNativeTarget "savannahTests" */;
			buildPhases = (
				D0A707892C8C7182007E9856 /* Sources */,
				D0A7078A2C8C7182007E9856 /* Frameworks */,
				D0A7078B2C8C7182007E9856 /* Resources */,
			);
			buildRules = (
			);
			dependencies = (
				D0A7078F2C8C7182007E9856 /* PBXTargetDependency */,
			);
			name = savannahTests;
			productName = savannahTests;
			productReference = D0A7078D2C8C7182007E9856 /* savannahTests.xctest */;
			productType = "com.apple.product-type.bundle.unit-test";
		};
		D0A707962C8C7182007E9856 /* savannahUITests */ = {
			isa = PBXNativeTarget;
			buildConfigurationList = D0A707A72C8C7182007E9856 /* Build configuration list for PBXNativeTarget "savannahUITests" */;
			buildPhases = (
				D0A707932C8C7182007E9856 /* Sources */,
				D0A707942C8C7182007E9856 /* Frameworks */,
				D0A707952C8C7182007E9856 /* Resources */,
			);
			buildRules = (
			);
			dependencies = (
				D0A707992C8C7182007E9856 /* PBXTargetDependency */,
			);
			name = savannahUITests;
			productName = savannahUITests;
			productReference = D0A707972C8C7182007E9856 /* savannahUITests.xctest */;
			productType = "com.apple.product-type.bundle.ui-testing";
		};
/* End PBXNativeTarget section */

/* Begin PBXProject section */
		D0A707752C8C7181007E9856 /* Project object */ = {
			isa = PBXProject;
			attributes = {
				BuildIndependentTargetsInParallel = 1;
				LastSwiftUpdateCheck = 1540;
				LastUpgradeCheck = 1540;
				TargetAttributes = {
					D0A7077C2C8C7181007E9856 = {
						CreatedOnToolsVersion = 15.4;
					};
					D0A7078C2C8C7182007E9856 = {
						CreatedOnToolsVersion = 15.4;
						TestTargetID = D0A7077C2C8C7181007E9856;
					};
					D0A707962C8C7182007E9856 = {
						CreatedOnToolsVersion = 15.4;
						TestTargetID = D0A7077C2C8C7181007E9856;
					};
				};
			};
			buildConfigurationList = D0A707782C8C7181007E9856 /* Build configuration list for PBXProject "savannah" */;
			compatibilityVersion = "Xcode 14.0";
			developmentRegion = en;
			hasScannedForEncodings = 0;
			knownRegions = (
				en,
				Base,
			);
			mainGroup = D0A707742C8C7181007E9856;
			packageReferences = (
				D023214B2C8DF1F700A2DA5C /* XCRemoteSwiftPackageReference "supabase-swift" */,
			);
			productRefGroup = D0A7077E2C8C7181007E9856 /* Products */;
			projectDirPath = "";
			projectRoot = "";
			targets = (
				D0A7077C2C8C7181007E9856 /* savannah */,
				D0A7078C2C8C7182007E9856 /* savannahTests */,
				D0A707962C8C7182007E9856 /* savannahUITests */,
			);
		};
/* End PBXProject section */

/* Begin PBXResourcesBuildPhase section */
		D0A7077B2C8C7181007E9856 /* Resources */ = {
			isa = PBXResourcesBuildPhase;
			buildActionMask = 2147483647;
			files = (
				D0A707882C8C7182007E9856 /* Preview Assets.xcassets in Resources */,
				D0A707852C8C7182007E9856 /* Assets.xcassets in Resources */,
			);
			runOnlyForDeploymentPostprocessing = 0;
		};
		D0A7078B2C8C7182007E9856 /* Resources */ = {
			isa = PBXResourcesBuildPhase;
			buildActionMask = 2147483647;
			files = (
			);
			runOnlyForDeploymentPostprocessing = 0;
		};
		D0A707952C8C7182007E9856 /* Resources */ = {
			isa = PBXResourcesBuildPhase;
			buildActionMask = 2147483647;
			files = (
			);
			runOnlyForDeploymentPostprocessing = 0;
		};
/* End PBXResourcesBuildPhase section */

/* Begin PBXSourcesBuildPhase section */
		D0A707792C8C7181007E9856 /* Sources */ = {
			isa = PBXSourcesBuildPhase;
			buildActionMask = 2147483647;
			files = (
				D027A5BB2C959C3E005E87BB /* Models.swift in Sources */,
				D027A5B32C9471F8005E87BB /* OpenAIManager.swift in Sources */,
				D02737312C8F13A900B6F4B1 /* SafeAreaInsetsKey.swift in Sources */,
				D02737292C8E1B5E00B6F4B1 /* HomePage.swift in Sources */,
				D0879FDF2C91B1DC008B9AFD /* SupabaseManager.swift in Sources */,
				D027BFE92C8F5EC600AA4DFB /* AccountView.swift in Sources */,
				D02321512C8DF28B00A2DA5C /* AuthView.swift in Sources */,
				D027A5AB2C920ED3005E87BB /* AgentView.swift in Sources */,
				D027372B2C8E20CF00B6F4B1 /* Config.swift in Sources */,
				D0E66D102C8C89A6001A1517 /* Theme.swift in Sources */,
				D027BFE72C8F5EB800AA4DFB /* DiscoverView.swift in Sources */,
				D0A707812C8C7181007E9856 /* savannahApp.swift in Sources */,
				D027A5B52C9490AA005E87BB /* CustomMarkdownRenderer.swift in Sources */,
				D027A5AF2C92FA06005E87BB /* GoogleCloudStorageManager.swift in Sources */,
				D027A5B12C9426C7005E87BB /* InitialInputView.swift in Sources */,
				D027A5AD2C9228BD005E87BB /* ThreadsView.swift in Sources */,
			);
			runOnlyForDeploymentPostprocessing = 0;
		};
		D0A707892C8C7182007E9856 /* Sources */ = {
			isa = PBXSourcesBuildPhase;
			buildActionMask = 2147483647;
			files = (
				D0A707922C8C7182007E9856 /* savannahTests.swift in Sources */,
			);
			runOnlyForDeploymentPostprocessing = 0;
		};
		D0A707932C8C7182007E9856 /* Sources */ = {
			isa = PBXSourcesBuildPhase;
			buildActionMask = 2147483647;
			files = (
				D0A7079E2C8C7182007E9856 /* savannahUITestsLaunchTests.swift in Sources */,
				D0A7079C2C8C7182007E9856 /* savannahUITests.swift in Sources */,
			);
			runOnlyForDeploymentPostprocessing = 0;
		};
/* End PBXSourcesBuildPhase section */

/* Begin PBXTargetDependency section */
		D0A7078F2C8C7182007E9856 /* PBXTargetDependency */ = {
			isa = PBXTargetDependency;
			target = D0A7077C2C8C7181007E9856 /* savannah */;
			targetProxy = D0A7078E2C8C7182007E9856 /* PBXContainerItemProxy */;
		};
		D0A707992C8C7182007E9856 /* PBXTargetDependency */ = {
			isa = PBXTargetDependency;
			target = D0A7077C2C8C7181007E9856 /* savannah */;
			targetProxy = D0A707982C8C7182007E9856 /* PBXContainerItemProxy */;
		};
/* End PBXTargetDependency section */

/* Begin XCBuildConfiguration section */
		D0A7079F2C8C7182007E9856 /* Debug */ = {
			isa = XCBuildConfiguration;
			buildSettings = {
				ALWAYS_SEARCH_USER_PATHS = NO;
				ASSETCATALOG_COMPILER_GENERATE_SWIFT_ASSET_SYMBOL_EXTENSIONS = YES;
				CLANG_ANALYZER_NONNULL = YES;
				CLANG_ANALYZER_NUMBER_OBJECT_CONVERSION = YES_AGGRESSIVE;
				CLANG_CXX_LANGUAGE_STANDARD = "gnu++20";
				CLANG_ENABLE_MODULES = YES;
				CLANG_ENABLE_OBJC_ARC = YES;
				CLANG_ENABLE_OBJC_WEAK = YES;
				CLANG_WARN_BLOCK_CAPTURE_AUTORELEASING = YES;
				CLANG_WARN_BOOL_CONVERSION = YES;
				CLANG_WARN_COMMA = YES;
				CLANG_WARN_CONSTANT_CONVERSION = YES;
				CLANG_WARN_DEPRECATED_OBJC_IMPLEMENTATIONS = YES;
				CLANG_WARN_DIRECT_OBJC_ISA_USAGE = YES_ERROR;
				CLANG_WARN_DOCUMENTATION_COMMENTS = YES;
				CLANG_WARN_EMPTY_BODY = YES;
				CLANG_WARN_ENUM_CONVERSION = YES;
				CLANG_WARN_INFINITE_RECURSION = YES;
				CLANG_WARN_INT_CONVERSION = YES;
				CLANG_WARN_NON_LITERAL_NULL_CONVERSION = YES;
				CLANG_WARN_OBJC_IMPLICIT_RETAIN_SELF = YES;
				CLANG_WARN_OBJC_LITERAL_CONVERSION = YES;
				CLANG_WARN_OBJC_ROOT_CLASS = YES_ERROR;
				CLANG_WARN_QUOTED_INCLUDE_IN_FRAMEWORK_HEADER = YES;
				CLANG_WARN_RANGE_LOOP_ANALYSIS = YES;
				CLANG_WARN_STRICT_PROTOTYPES = YES;
				CLANG_WARN_SUSPICIOUS_MOVE = YES;
				CLANG_WARN_UNGUARDED_AVAILABILITY = YES_AGGRESSIVE;
				CLANG_WARN_UNREACHABLE_CODE = YES;
				CLANG_WARN__DUPLICATE_METHOD_MATCH = YES;
				COPY_PHASE_STRIP = NO;
				DEBUG_INFORMATION_FORMAT = dwarf;
				ENABLE_STRICT_OBJC_MSGSEND = YES;
				ENABLE_TESTABILITY = YES;
				ENABLE_USER_SCRIPT_SANDBOXING = YES;
				GCC_C_LANGUAGE_STANDARD = gnu17;
				GCC_DYNAMIC_NO_PIC = NO;
				GCC_NO_COMMON_BLOCKS = YES;
				GCC_OPTIMIZATION_LEVEL = 0;
				GCC_PREPROCESSOR_DEFINITIONS = (
					"DEBUG=1",
					"$(inherited)",
				);
				GCC_WARN_64_TO_32_BIT_CONVERSION = YES;
				GCC_WARN_ABOUT_RETURN_TYPE = YES_ERROR;
				GCC_WARN_UNDECLARED_SELECTOR = YES;
				GCC_WARN_UNINITIALIZED_AUTOS = YES_AGGRESSIVE;
				GCC_WARN_UNUSED_FUNCTION = YES;
				GCC_WARN_UNUSED_VARIABLE = YES;
				IPHONEOS_DEPLOYMENT_TARGET = 17.5;
				LOCALIZATION_PREFERS_STRING_CATALOGS = YES;
				MTL_ENABLE_DEBUG_INFO = INCLUDE_SOURCE;
				MTL_FAST_MATH = YES;
				ONLY_ACTIVE_ARCH = YES;
				SDKROOT = iphoneos;
				SWIFT_ACTIVE_COMPILATION_CONDITIONS = "DEBUG $(inherited)";
				SWIFT_OPTIMIZATION_LEVEL = "-Onone";
			};
			name = Debug;
		};
		D0A707A02C8C7182007E9856 /* Release */ = {
			isa = XCBuildConfiguration;
			buildSettings = {
				ALWAYS_SEARCH_USER_PATHS = NO;
				ASSETCATALOG_COMPILER_GENERATE_SWIFT_ASSET_SYMBOL_EXTENSIONS = YES;
				CLANG_ANALYZER_NONNULL = YES;
				CLANG_ANALYZER_NUMBER_OBJECT_CONVERSION = YES_AGGRESSIVE;
				CLANG_CXX_LANGUAGE_STANDARD = "gnu++20";
				CLANG_ENABLE_MODULES = YES;
				CLANG_ENABLE_OBJC_ARC = YES;
				CLANG_ENABLE_OBJC_WEAK = YES;
				CLANG_WARN_BLOCK_CAPTURE_AUTORELEASING = YES;
				CLANG_WARN_BOOL_CONVERSION = YES;
				CLANG_WARN_COMMA = YES;
				CLANG_WARN_CONSTANT_CONVERSION = YES;
				CLANG_WARN_DEPRECATED_OBJC_IMPLEMENTATIONS = YES;
				CLANG_WARN_DIRECT_OBJC_ISA_USAGE = YES_ERROR;
				CLANG_WARN_DOCUMENTATION_COMMENTS = YES;
				CLANG_WARN_EMPTY_BODY = YES;
				CLANG_WARN_ENUM_CONVERSION = YES;
				CLANG_WARN_INFINITE_RECURSION = YES;
				CLANG_WARN_INT_CONVERSION = YES;
				CLANG_WARN_NON_LITERAL_NULL_CONVERSION = YES;
				CLANG_WARN_OBJC_IMPLICIT_RETAIN_SELF = YES;
				CLANG_WARN_OBJC_LITERAL_CONVERSION = YES;
				CLANG_WARN_OBJC_ROOT_CLASS = YES_ERROR;
				CLANG_WARN_QUOTED_INCLUDE_IN_FRAMEWORK_HEADER = YES;
				CLANG_WARN_RANGE_LOOP_ANALYSIS = YES;
				CLANG_WARN_STRICT_PROTOTYPES = YES;
				CLANG_WARN_SUSPICIOUS_MOVE = YES;
				CLANG_WARN_UNGUARDED_AVAILABILITY = YES_AGGRESSIVE;
				CLANG_WARN_UNREACHABLE_CODE = YES;
				CLANG_WARN__DUPLICATE_METHOD_MATCH = YES;
				COPY_PHASE_STRIP = NO;
				DEBUG_INFORMATION_FORMAT = "dwarf-with-dsym";
				ENABLE_NS_ASSERTIONS = NO;
				ENABLE_STRICT_OBJC_MSGSEND = YES;
				ENABLE_USER_SCRIPT_SANDBOXING = YES;
				GCC_C_LANGUAGE_STANDARD = gnu17;
				GCC_NO_COMMON_BLOCKS = YES;
				GCC_WARN_64_TO_32_BIT_CONVERSION = YES;
				GCC_WARN_ABOUT_RETURN_TYPE = YES_ERROR;
				GCC_WARN_UNDECLARED_SELECTOR = YES;
				GCC_WARN_UNINITIALIZED_AUTOS = YES_AGGRESSIVE;
				GCC_WARN_UNUSED_FUNCTION = YES;
				GCC_WARN_UNUSED_VARIABLE = YES;
				IPHONEOS_DEPLOYMENT_TARGET = 17.5;
				LOCALIZATION_PREFERS_STRING_CATALOGS = YES;
				MTL_ENABLE_DEBUG_INFO = NO;
				MTL_FAST_MATH = YES;
				SDKROOT = iphoneos;
				SWIFT_COMPILATION_MODE = wholemodule;
				VALIDATE_PRODUCT = YES;
			};
			name = Release;
		};
		D0A707A22C8C7182007E9856 /* Debug */ = {
			isa = XCBuildConfiguration;
			buildSettings = {
				ASSETCATALOG_COMPILER_APPICON_NAME = AppIcon;
				ASSETCATALOG_COMPILER_GLOBAL_ACCENT_COLOR_NAME = AccentColor;
				CODE_SIGN_ENTITLEMENTS = savannah/savannah.entitlements;
				CODE_SIGN_STYLE = Automatic;
				CURRENT_PROJECT_VERSION = 9;
				DEVELOPMENT_ASSET_PATHS = "\"savannah/Preview Content\"";
				DEVELOPMENT_TEAM = M3VYM4P282;
				ENABLE_PREVIEWS = YES;
				GENERATE_INFOPLIST_FILE = YES;
				INFOPLIST_FILE = savannah/Info.plist;
				INFOPLIST_KEY_UIApplicationSceneManifest_Generation = YES;
				INFOPLIST_KEY_UIApplicationSupportsIndirectInputEvents = YES;
				INFOPLIST_KEY_UILaunchScreen_Generation = YES;
				INFOPLIST_KEY_UISupportedInterfaceOrientations_iPad = "UIInterfaceOrientationPortrait UIInterfaceOrientationPortraitUpsideDown UIInterfaceOrientationLandscapeLeft UIInterfaceOrientationLandscapeRight";
				INFOPLIST_KEY_UISupportedInterfaceOrientations_iPhone = "UIInterfaceOrientationPortrait UIInterfaceOrientationLandscapeLeft UIInterfaceOrientationLandscapeRight";
				LD_RUNPATH_SEARCH_PATHS = (
					"$(inherited)",
					"@executable_path/Frameworks",
				);
				MARKETING_VERSION = 1.0;
				PRODUCT_BUNDLE_IDENTIFIER = ai.quantus17.savannah;
				PRODUCT_NAME = "$(TARGET_NAME)";
				SWIFT_EMIT_LOC_STRINGS = YES;
				SWIFT_VERSION = 5.0;
				TARGETED_DEVICE_FAMILY = "1,2";
			};
			name = Debug;
		};
		D0A707A32C8C7182007E9856 /* Release */ = {
			isa = XCBuildConfiguration;
			buildSettings = {
				ASSETCATALOG_COMPILER_APPICON_NAME = AppIcon;
				ASSETCATALOG_COMPILER_GLOBAL_ACCENT_COLOR_NAME = AccentColor;
				CODE_SIGN_ENTITLEMENTS = savannah/savannah.entitlements;
				CODE_SIGN_STYLE = Automatic;
				CURRENT_PROJECT_VERSION = 9;
				DEVELOPMENT_ASSET_PATHS = "\"savannah/Preview Content\"";
				DEVELOPMENT_TEAM = M3VYM4P282;
				ENABLE_PREVIEWS = YES;
				GENERATE_INFOPLIST_FILE = YES;
				INFOPLIST_FILE = savannah/Info.plist;
				INFOPLIST_KEY_UIApplicationSceneManifest_Generation = YES;
				INFOPLIST_KEY_UIApplicationSupportsIndirectInputEvents = YES;
				INFOPLIST_KEY_UILaunchScreen_Generation = YES;
				INFOPLIST_KEY_UISupportedInterfaceOrientations_iPad = "UIInterfaceOrientationPortrait UIInterfaceOrientationPortraitUpsideDown UIInterfaceOrientationLandscapeLeft UIInterfaceOrientationLandscapeRight";
				INFOPLIST_KEY_UISupportedInterfaceOrientations_iPhone = "UIInterfaceOrientationPortrait UIInterfaceOrientationLandscapeLeft UIInterfaceOrientationLandscapeRight";
				LD_RUNPATH_SEARCH_PATHS = (
					"$(inherited)",
					"@executable_path/Frameworks",
				);
				MARKETING_VERSION = 1.0;
				PRODUCT_BUNDLE_IDENTIFIER = ai.quantus17.savannah;
				PRODUCT_NAME = "$(TARGET_NAME)";
				SWIFT_EMIT_LOC_STRINGS = YES;
				SWIFT_VERSION = 5.0;
				TARGETED_DEVICE_FAMILY = "1,2";
			};
			name = Release;
		};
		D0A707A52C8C7182007E9856 /* Debug */ = {
			isa = XCBuildConfiguration;
			buildSettings = {
				ALWAYS_EMBED_SWIFT_STANDARD_LIBRARIES = YES;
				BUNDLE_LOADER = "$(TEST_HOST)";
				CODE_SIGN_STYLE = Automatic;
				CURRENT_PROJECT_VERSION = 1;
				GENERATE_INFOPLIST_FILE = YES;
				IPHONEOS_DEPLOYMENT_TARGET = 17.5;
				MARKETING_VERSION = 1.0;
				PRODUCT_BUNDLE_IDENTIFIER = quantus17.savannahTests;
				PRODUCT_NAME = "$(TARGET_NAME)";
				SWIFT_EMIT_LOC_STRINGS = NO;
				SWIFT_VERSION = 5.0;
				TARGETED_DEVICE_FAMILY = "1,2";
				TEST_HOST = "$(BUILT_PRODUCTS_DIR)/savannah.app/$(BUNDLE_EXECUTABLE_FOLDER_PATH)/savannah";
			};
			name = Debug;
		};
		D0A707A62C8C7182007E9856 /* Release */ = {
			isa = XCBuildConfiguration;
			buildSettings = {
				ALWAYS_EMBED_SWIFT_STANDARD_LIBRARIES = YES;
				BUNDLE_LOADER = "$(TEST_HOST)";
				CODE_SIGN_STYLE = Automatic;
				CURRENT_PROJECT_VERSION = 1;
				GENERATE_INFOPLIST_FILE = YES;
				IPHONEOS_DEPLOYMENT_TARGET = 17.5;
				MARKETING_VERSION = 1.0;
				PRODUCT_BUNDLE_IDENTIFIER = quantus17.savannahTests;
				PRODUCT_NAME = "$(TARGET_NAME)";
				SWIFT_EMIT_LOC_STRINGS = NO;
				SWIFT_VERSION = 5.0;
				TARGETED_DEVICE_FAMILY = "1,2";
				TEST_HOST = "$(BUILT_PRODUCTS_DIR)/savannah.app/$(BUNDLE_EXECUTABLE_FOLDER_PATH)/savannah";
			};
			name = Release;
		};
		D0A707A82C8C7182007E9856 /* Debug */ = {
			isa = XCBuildConfiguration;
			buildSettings = {
				ALWAYS_EMBED_SWIFT_STANDARD_LIBRARIES = YES;
				CODE_SIGN_STYLE = Automatic;
				CURRENT_PROJECT_VERSION = 1;
				GENERATE_INFOPLIST_FILE = YES;
				MARKETING_VERSION = 1.0;
				PRODUCT_BUNDLE_IDENTIFIER = quantus17.savannahUITests;
				PRODUCT_NAME = "$(TARGET_NAME)";
				SWIFT_EMIT_LOC_STRINGS = NO;
				SWIFT_VERSION = 5.0;
				TARGETED_DEVICE_FAMILY = "1,2";
				TEST_TARGET_NAME = savannah;
			};
			name = Debug;
		};
		D0A707A92C8C7182007E9856 /* Release */ = {
			isa = XCBuildConfiguration;
			buildSettings = {
				ALWAYS_EMBED_SWIFT_STANDARD_LIBRARIES = YES;
				CODE_SIGN_STYLE = Automatic;
				CURRENT_PROJECT_VERSION = 1;
				GENERATE_INFOPLIST_FILE = YES;
				MARKETING_VERSION = 1.0;
				PRODUCT_BUNDLE_IDENTIFIER = quantus17.savannahUITests;
				PRODUCT_NAME = "$(TARGET_NAME)";
				SWIFT_EMIT_LOC_STRINGS = NO;
				SWIFT_VERSION = 5.0;
				TARGETED_DEVICE_FAMILY = "1,2";
				TEST_TARGET_NAME = savannah;
			};
			name = Release;
		};
/* End XCBuildConfiguration section */

/* Begin XCConfigurationList section */
		D0A707782C8C7181007E9856 /* Build configuration list for PBXProject "savannah" */ = {
			isa = XCConfigurationList;
			buildConfigurations = (
				D0A7079F2C8C7182007E9856 /* Debug */,
				D0A707A02C8C7182007E9856 /* Release */,
			);
			defaultConfigurationIsVisible = 0;
			defaultConfigurationName = Release;
		};
		D0A707A12C8C7182007E9856 /* Build configuration list for PBXNativeTarget "savannah" */ = {
			isa = XCConfigurationList;
			buildConfigurations = (
				D0A707A22C8C7182007E9856 /* Debug */,
				D0A707A32C8C7182007E9856 /* Release */,
			);
			defaultConfigurationIsVisible = 0;
			defaultConfigurationName = Release;
		};
		D0A707A42C8C7182007E9856 /* Build configuration list for PBXNativeTarget "savannahTests" */ = {
			isa = XCConfigurationList;
			buildConfigurations = (
				D0A707A52C8C7182007E9856 /* Debug */,
				D0A707A62C8C7182007E9856 /* Release */,
			);
			defaultConfigurationIsVisible = 0;
			defaultConfigurationName = Release;
		};
		D0A707A72C8C7182007E9856 /* Build configuration list for PBXNativeTarget "savannahUITests" */ = {
			isa = XCConfigurationList;
			buildConfigurations = (
				D0A707A82C8C7182007E9856 /* Debug */,
				D0A707A92C8C7182007E9856 /* Release */,
			);
			defaultConfigurationIsVisible = 0;
			defaultConfigurationName = Release;
		};
/* End XCConfigurationList section */

/* Begin XCRemoteSwiftPackageReference section */
		D023214B2C8DF1F700A2DA5C /* XCRemoteSwiftPackageReference "supabase-swift" */ = {
			isa = XCRemoteSwiftPackageReference;
			repositoryURL = "https://github.com/supabase-community/supabase-swift.git";
			requirement = {
				kind = upToNextMajorVersion;
				minimumVersion = 2.5.1;
			};
		};
/* End XCRemoteSwiftPackageReference section */

/* Begin XCSwiftPackageProductDependency section */
		D023214C2C8DF1F700A2DA5C /* Auth */ = {
			isa = XCSwiftPackageProductDependency;
			package = D023214B2C8DF1F700A2DA5C /* XCRemoteSwiftPackageReference "supabase-swift" */;
			productName = Auth;
		};
		D023214E2C8DF1F700A2DA5C /* Supabase */ = {
			isa = XCSwiftPackageProductDependency;
			package = D023214B2C8DF1F700A2DA5C /* XCRemoteSwiftPackageReference "supabase-swift" */;
			productName = Supabase;
		};
/* End XCSwiftPackageProductDependency section */
	};
	rootObject = D0A707752C8C7181007E9856 /* Project object */;
}
